Microsoft Visual Studio Solution File, Format Version 12.00
# Visual Studio Version 17
VisualStudioVersion = 17.5.2.0
MinimumVisualStudioVersion = 10.0.40219.1
Project("{FAE04EC0-301F-11D3-BF4B-00C04F79EFBC}") = "crowdsourcing-mini-project-CondesnsedMilk", "crowdsourcing-mini-project-CondesnsedMilk.csproj", "{8153BF6D-8B0D-EF05-09DE-4C0837749540}"
EndProject
Global
	GlobalSection(SolutionConfigurationPlatforms) = preSolution
		Debug|Any CPU = Debug|Any CPU
		Release|Any CPU = Release|Any CPU
	EndGlobalSection
	GlobalSection(ProjectConfigurationPlatforms) = postSolution
		{8153BF6D-8B0D-EF05-09DE-4C0837749540}.Debug|Any CPU.ActiveCfg = Debug|Any CPU
		{8153BF6D-8B0D-EF05-09DE-4C0837749540}.Debug|Any CPU.Build.0 = Debug|Any CPU
		{8153BF6D-8B0D-EF05-09DE-4C0837749540}.Release|Any CPU.ActiveCfg = Release|Any CPU
		{8153BF6D-8B0D-EF05-09DE-4C0837749540}.Release|Any CPU.Build.0 = Release|Any CPU
	EndGlobalSection
	GlobalSection(SolutionProperties) = preSolution
		HideSolutionNode = FALSE
	EndGlobalSection
	GlobalSection(ExtensibilityGlobals) = postSolution
		SolutionGuid = {CB146D3F-00BF-4A3C-8429-D5D861859E80}
	EndGlobalSection
EndGlobal
